// !$*UTF8*$!
{
	archiveVersion = 1;
	classes = {
	};
	objectVersion = 56;
	objects = {

/* Begin PBXBuildFile section */
		500A46962B9912A900E9E076 /* GetStartedViewController.swift in Sources */ = {isa = PBXBuildFile; fileRef = 500A46952B9912A900E9E076 /* GetStartedViewController.swift */; };
		5067377D2B9A92D700920CA1 /* SignUpViewController.swift in Sources */ = {isa = PBXBuildFile; fileRef = 5067377C2B9A92D700920CA1 /* SignUpViewController.swift */; };
		506737802B9A944300920CA1 /* Extensions.swift in Sources */ = {isa = PBXBuildFile; fileRef = 5067377F2B9A944300920CA1 /* Extensions.swift */; };
		506737832B9A9E0300920CA1 /* Data.swift in Sources */ = {isa = PBXBuildFile; fileRef = 506737822B9A9E0300920CA1 /* Data.swift */; };
		5093A93C2B97B880000022B6 /* AppDelegate.swift in Sources */ = {isa = PBXBuildFile; fileRef = 5093A93B2B97B880000022B6 /* AppDelegate.swift */; };
		5093A93E2B97B880000022B6 /* SceneDelegate.swift in Sources */ = {isa = PBXBuildFile; fileRef = 5093A93D2B97B880000022B6 /* SceneDelegate.swift */; };
		5093A9402B97B880000022B6 /* ViewController.swift in Sources */ = {isa = PBXBuildFile; fileRef = 5093A93F2B97B880000022B6 /* ViewController.swift */; };
		5093A9432B97B880000022B6 /* Main.storyboard in Resources */ = {isa = PBXBuildFile; fileRef = 5093A9412B97B880000022B6 /* Main.storyboard */; };
		5093A9452B97B882000022B6 /* Assets.xcassets in Resources */ = {isa = PBXBuildFile; fileRef = 5093A9442B97B882000022B6 /* Assets.xcassets */; };
		5093A9482B97B882000022B6 /* LaunchScreen.storyboard in Resources */ = {isa = PBXBuildFile; fileRef = 5093A9462B97B882000022B6 /* LaunchScreen.storyboard */; };
		5093A9532B97B882000022B6 /* Photo_KingTests.swift in Sources */ = {isa = PBXBuildFile; fileRef = 5093A9522B97B882000022B6 /* Photo_KingTests.swift */; };
		5093A95D2B97B883000022B6 /* Photo_KingUITests.swift in Sources */ = {isa = PBXBuildFile; fileRef = 5093A95C2B97B883000022B6 /* Photo_KingUITests.swift */; };
		5093A95F2B97B883000022B6 /* Photo_KingUITestsLaunchTests.swift in Sources */ = {isa = PBXBuildFile; fileRef = 5093A95E2B97B883000022B6 /* Photo_KingUITestsLaunchTests.swift */; };
/* End PBXBuildFile section */

/* Begin PBXContainerItemProxy section */
		5093A94F2B97B882000022B6 /* PBXContainerItemProxy */ = {
			isa = PBXContainerItemProxy;
			containerPortal = 5093A9302B97B880000022B6 /* Project object */;
			proxyType = 1;
			remoteGlobalIDString = 5093A9372B97B880000022B6;
			remoteInfo = "Photo King";
		};
		5093A9592B97B883000022B6 /* PBXContainerItemProxy */ = {
			isa = PBXContainerItemProxy;
			containerPortal = 5093A9302B97B880000022B6 /* Project object */;
			proxyType = 1;
			remoteGlobalIDString = 5093A9372B97B880000022B6;
			remoteInfo = "Photo King";
		};
/* End PBXContainerItemProxy section */

/* Begin PBXFileReference section */
		500A46952B9912A900E9E076 /* GetStartedViewController.swift */ = {isa = PBXFileReference; lastKnownFileType = sourcecode.swift; path = GetStartedViewController.swift; sourceTree = "<group>"; };
		5067377C2B9A92D700920CA1 /* SignUpViewController.swift */ = {isa = PBXFileReference; lastKnownFileType = sourcecode.swift; path = SignUpViewController.swift; sourceTree = "<group>"; };
		5067377F2B9A944300920CA1 /* Extensions.swift */ = {isa = PBXFileReference; lastKnownFileType = sourcecode.swift; path = Extensions.swift; sourceTree = "<group>"; };
		506737822B9A9E0300920CA1 /* Data.swift */ = {isa = PBXFileReference; lastKnownFileType = sourcecode.swift; path = Data.swift; sourceTree = "<group>"; };
		5093A9382B97B880000022B6 /* Photo King.app */ = {isa = PBXFileReference; explicitFileType = wrapper.application; includeInIndex = 0; path = "Photo King.app"; sourceTree = BUILT_PRODUCTS_DIR; };
		5093A93B2B97B880000022B6 /* AppDelegate.swift */ = {isa = PBXFileReference; lastKnownFileType = sourcecode.swift; path = AppDelegate.swift; sourceTree = "<group>"; };
		5093A93D2B97B880000022B6 /* SceneDelegate.swift */ = {isa = PBXFileReference; lastKnownFileType = sourcecode.swift; path = SceneDelegate.swift; sourceTree = "<group>"; };
		5093A93F2B97B880000022B6 /* ViewController.swift */ = {isa = PBXFileReference; lastKnownFileType = sourcecode.swift; path = ViewController.swift; sourceTree = "<group>"; };
		5093A9422B97B880000022B6 /* Base */ = {isa = PBXFileReference; lastKnownFileType = file.storyboard; name = Base; path = Base.lproj/Main.storyboard; sourceTree = "<group>"; };
		5093A9442B97B882000022B6 /* Assets.xcassets */ = {isa = PBXFileReference; lastKnownFileType = folder.assetcatalog; path = Assets.xcassets; sourceTree = "<group>"; };
		5093A9472B97B882000022B6 /* Base */ = {isa = PBXFileReference; lastKnownFileType = file.storyboard; name = Base; path = Base.lproj/LaunchScreen.storyboard; sourceTree = "<group>"; };
		5093A9492B97B882000022B6 /* Info.plist */ = {isa = PBXFileReference; lastKnownFileType = text.plist.xml; path = Info.plist; sourceTree = "<group>"; };
		5093A94E2B97B882000022B6 /* Photo KingTests.xctest */ = {isa = PBXFileReference; explicitFileType = wrapper.cfbundle; includeInIndex = 0; path = "Photo KingTests.xctest"; sourceTree = BUILT_PRODUCTS_DIR; };
		5093A9522B97B882000022B6 /* Photo_KingTests.swift */ = {isa = PBXFileReference; lastKnownFileType = sourcecode.swift; path = Photo_KingTests.swift; sourceTree = "<group>"; };
		5093A9582B97B883000022B6 /* Photo KingUITests.xctest */ = {isa = PBXFileReference; explicitFileType = wrapper.cfbundle; includeInIndex = 0; path = "Photo KingUITests.xctest"; sourceTree = BUILT_PRODUCTS_DIR; };
		5093A95C2B97B883000022B6 /* Photo_KingUITests.swift */ = {isa = PBXFileReference; lastKnownFileType = sourcecode.swift; path = Photo_KingUITests.swift; sourceTree = "<group>"; };
		5093A95E2B97B883000022B6 /* Photo_KingUITestsLaunchTests.swift */ = {isa = PBXFileReference; lastKnownFileType = sourcecode.swift; path = Photo_KingUITestsLaunchTests.swift; sourceTree = "<group>"; };
/* End PBXFileReference section */

/* Begin PBXFrameworksBuildPhase section */
		5093A9352B97B880000022B6 /* Frameworks */ = {
			isa = PBXFrameworksBuildPhase;
			buildActionMask = 2147483647;
			files = (
			);
			runOnlyForDeploymentPostprocessing = 0;
		};
		5093A94B2B97B882000022B6 /* Frameworks */ = {
			isa = PBXFrameworksBuildPhase;
			buildActionMask = 2147483647;
			files = (
			);
			runOnlyForDeploymentPostprocessing = 0;
		};
		5093A9552B97B883000022B6 /* Frameworks */ = {
			isa = PBXFrameworksBuildPhase;
			buildActionMask = 2147483647;
			files = (
			);
			runOnlyForDeploymentPostprocessing = 0;
		};
/* End PBXFrameworksBuildPhase section */

/* Begin PBXGroup section */
		5067377B2B9A928B00920CA1 /* ViewControllers */ = {
			isa = PBXGroup;
			children = (
				500A46952B9912A900E9E076 /* GetStartedViewController.swift */,
				5093A93F2B97B880000022B6 /* ViewController.swift */,
				5067377C2B9A92D700920CA1 /* SignUpViewController.swift */,
			);
			path = ViewControllers;
			sourceTree = "<group>";
		};
		5067377E2B9A941600920CA1 /* Extensions */ = {
			isa = PBXGroup;
			children = (
				5067377F2B9A944300920CA1 /* Extensions.swift */,
			);
			path = Extensions;
			sourceTree = "<group>";
		};
		506737812B9A9DF300920CA1 /* Data */ = {
			isa = PBXGroup;
			children = (
				506737822B9A9E0300920CA1 /* Data.swift */,
			);
			path = Data;
			sourceTree = "<group>";
		};
		5093A92F2B97B880000022B6 = {
			isa = PBXGroup;
			children = (
				5093A93A2B97B880000022B6 /* Photo King */,
				5093A9512B97B882000022B6 /* Photo KingTests */,
				5093A95B2B97B883000022B6 /* Photo KingUITests */,
				5093A9392B97B880000022B6 /* Products */,
			);
			sourceTree = "<group>";
		};
		5093A9392B97B880000022B6 /* Products */ = {
			isa = PBXGroup;
			children = (
				5093A9382B97B880000022B6 /* Photo King.app */,
				5093A94E2B97B882000022B6 /* Photo KingTests.xctest */,
				5093A9582B97B883000022B6 /* Photo KingUITests.xctest */,
			);
			name = Products;
			sourceTree = "<group>";
		};
		5093A93A2B97B880000022B6 /* Photo King */ = {
			isa = PBXGroup;
			children = (
				506737812B9A9DF300920CA1 /* Data */,
				5067377E2B9A941600920CA1 /* Extensions */,
				5067377B2B9A928B00920CA1 /* ViewControllers */,
				5093A93B2B97B880000022B6 /* AppDelegate.swift */,
				5093A93D2B97B880000022B6 /* SceneDelegate.swift */,
				5093A9412B97B880000022B6 /* Main.storyboard */,
				5093A9442B97B882000022B6 /* Assets.xcassets */,
				5093A9462B97B882000022B6 /* LaunchScreen.storyboard */,
				5093A9492B97B882000022B6 /* Info.plist */,
			);
			path = "Photo King";
			sourceTree = "<group>";
		};
		5093A9512B97B882000022B6 /* Photo KingTests */ = {
			isa = PBXGroup;
			children = (
				5093A9522B97B882000022B6 /* Photo_KingTests.swift */,
			);
			path = "Photo KingTests";
			sourceTree = "<group>";
		};
		5093A95B2B97B883000022B6 /* Photo KingUITests */ = {
			isa = PBXGroup;
			children = (
				5093A95C2B97B883000022B6 /* Photo_KingUITests.swift */,
				5093A95E2B97B883000022B6 /* Photo_KingUITestsLaunchTests.swift */,
			);
			path = "Photo KingUITests";
			sourceTree = "<group>";
		};
/* End PBXGroup section */

/* Begin PBXNativeTarget section */
		5093A9372B97B880000022B6 /* Photo King */ = {
			isa = PBXNativeTarget;
			buildConfigurationList = 5093A9622B97B883000022B6 /* Build configuration list for PBXNativeTarget "Photo King" */;
			buildPhases = (
				5093A9342B97B880000022B6 /* Sources */,
				5093A9352B97B880000022B6 /* Frameworks */,
				5093A9362B97B880000022B6 /* Resources */,
			);
			buildRules = (
			);
			dependencies = (
			);
			name = "Photo King";
			productName = "Photo King";
			productReference = 5093A9382B97B880000022B6 /* Photo King.app */;
			productType = "com.apple.product-type.application";
		};
		5093A94D2B97B882000022B6 /* Photo KingTests */ = {
			isa = PBXNativeTarget;
			buildConfigurationList = 5093A9652B97B883000022B6 /* Build configuration list for PBXNativeTarget "Photo KingTests" */;
			buildPhases = (
				5093A94A2B97B882000022B6 /* Sources */,
				5093A94B2B97B882000022B6 /* Frameworks */,
				5093A94C2B97B882000022B6 /* Resources */,
			);
			buildRules = (
			);
			dependencies = (
				5093A9502B97B882000022B6 /* PBXTargetDependency */,
			);
			name = "Photo KingTests";
			productName = "Photo KingTests";
			productReference = 5093A94E2B97B882000022B6 /* Photo KingTests.xctest */;
			productType = "com.apple.product-type.bundle.unit-test";
		};
		5093A9572B97B883000022B6 /* Photo KingUITests */ = {
			isa = PBXNativeTarget;
			buildConfigurationList = 5093A9682B97B883000022B6 /* Build configuration list for PBXNativeTarget "Photo KingUITests" */;
			buildPhases = (
				5093A9542B97B883000022B6 /* Sources */,
				5093A9552B97B883000022B6 /* Frameworks */,
				5093A9562B97B883000022B6 /* Resources */,
			);
			buildRules = (
			);
			dependencies = (
				5093A95A2B97B883000022B6 /* PBXTargetDependency */,
			);
			name = "Photo KingUITests";
			productName = "Photo KingUITests";
			productReference = 5093A9582B97B883000022B6 /* Photo KingUITests.xctest */;
			productType = "com.apple.product-type.bundle.ui-testing";
		};
/* End PBXNativeTarget section */

/* Begin PBXProject section */
		5093A9302B97B880000022B6 /* Project object */ = {
			isa = PBXProject;
			attributes = {
				BuildIndependentTargetsInParallel = 1;
				LastSwiftUpdateCheck = 1520;
				LastUpgradeCheck = 1520;
				TargetAttributes = {
					5093A9372B97B880000022B6 = {
						CreatedOnToolsVersion = 15.2;
					};
					5093A94D2B97B882000022B6 = {
						CreatedOnToolsVersion = 15.2;
						TestTargetID = 5093A9372B97B880000022B6;
					};
					5093A9572B97B883000022B6 = {
						CreatedOnToolsVersion = 15.2;
						TestTargetID = 5093A9372B97B880000022B6;
					};
				};
			};
			buildConfigurationList = 5093A9332B97B880000022B6 /* Build configuration list for PBXProject "Photo King" */;
			compatibilityVersion = "Xcode 14.0";
			developmentRegion = en;
			hasScannedForEncodings = 0;
			knownRegions = (
				en,
				Base,
			);
			mainGroup = 5093A92F2B97B880000022B6;
			productRefGroup = 5093A9392B97B880000022B6 /* Products */;
			projectDirPath = "";
			projectRoot = "";
			targets = (
				5093A9372B97B880000022B6 /* Photo King */,
				5093A94D2B97B882000022B6 /* Photo KingTests */,
				5093A9572B97B883000022B6 /* Photo KingUITests */,
			);
		};
/* End PBXProject section */

/* Begin PBXResourcesBuildPhase section */
		5093A9362B97B880000022B6 /* Resources */ = {
			isa = PBXResourcesBuildPhase;
			buildActionMask = 2147483647;
			files = (
				5093A9482B97B882000022B6 /* LaunchScreen.storyboard in Resources */,
				5093A9452B97B882000022B6 /* Assets.xcassets in Resources */,
				5093A9432B97B880000022B6 /* Main.storyboard in Resources */,
			);
			runOnlyForDeploymentPostprocessing = 0;
		};
		5093A94C2B97B882000022B6 /* Resources */ = {
			isa = PBXResourcesBuildPhase;
			buildActionMask = 2147483647;
			files = (
			);
			runOnlyForDeploymentPostprocessing = 0;
		};
		5093A9562B97B883000022B6 /* Resources */ = {
			isa = PBXResourcesBuildPhase;
			buildActionMask = 2147483647;
			files = (
			);
			runOnlyForDeploymentPostprocessing = 0;
		};
/* End PBXResourcesBuildPhase section */

/* Begin PBXSourcesBuildPhase section */
		5093A9342B97B880000022B6 /* Sources */ = {
			isa = PBXSourcesBuildPhase;
			buildActionMask = 2147483647;
			files = (
				506737832B9A9E0300920CA1 /* Data.swift in Sources */,
				5093A9402B97B880000022B6 /* ViewController.swift in Sources */,
				506737802B9A944300920CA1 /* Extensions.swift in Sources */,
				5093A93C2B97B880000022B6 /* AppDelegate.swift in Sources */,
				5093A93E2B97B880000022B6 /* SceneDelegate.swift in Sources */,
				500A46962B9912A900E9E076 /* GetStartedViewController.swift in Sources */,
				5067377D2B9A92D700920CA1 /* SignUpViewController.swift in Sources */,
			);
			runOnlyForDeploymentPostprocessing = 0;
		};
		5093A94A2B97B882000022B6 /* Sources */ = {
			isa = PBXSourcesBuildPhase;
			buildActionMask = 2147483647;
			files = (
				5093A9532B97B882000022B6 /* Photo_KingTests.swift in Sources */,
			);
			runOnlyForDeploymentPostprocessing = 0;
		};
		5093A9542B97B883000022B6 /* Sources */ = {
			isa = PBXSourcesBuildPhase;
			buildActionMask = 2147483647;
			files = (
				5093A95F2B97B883000022B6 /* Photo_KingUITestsLaunchTests.swift in Sources */,
				5093A95D2B97B883000022B6 /* Photo_KingUITests.swift in Sources */,
			);
			runOnlyForDeploymentPostprocessing = 0;
		};
/* End PBXSourcesBuildPhase section */

/* Begin PBXTargetDependency section */
		5093A9502B97B882000022B6 /* PBXTargetDependency */ = {
			isa = PBXTargetDependency;
			target = 5093A9372B97B880000022B6 /* Photo King */;
			targetProxy = 5093A94F2B97B882000022B6 /* PBXContainerItemProxy */;
		};
		5093A95A2B97B883000022B6 /* PBXTargetDependency */ = {
			isa = PBXTargetDependency;
			target = 5093A9372B97B880000022B6 /* Photo King */;
			targetProxy = 5093A9592B97B883000022B6 /* PBXContainerItemProxy */;
		};
/* End PBXTargetDependency section */

/* Begin PBXVariantGroup section */
		5093A9412B97B880000022B6 /* Main.storyboard */ = {
			isa = PBXVariantGroup;
			children = (
				5093A9422B97B880000022B6 /* Base */,
			);
			name = Main.storyboard;
			sourceTree = "<group>";
		};
		5093A9462B97B882000022B6 /* LaunchScreen.storyboard */ = {
			isa = PBXVariantGroup;
			children = (
				5093A9472B97B882000022B6 /* Base */,
			);
			name = LaunchScreen.storyboard;
			sourceTree = "<group>";
		};
/* End PBXVariantGroup section */

/* Begin XCBuildConfiguration section */
		5093A9602B97B883000022B6 /* Debug */ = {
			isa = XCBuildConfiguration;
			buildSettings = {
				ALWAYS_SEARCH_USER_PATHS = NO;
				ASSETCATALOG_COMPILER_GENERATE_SWIFT_ASSET_SYMBOL_EXTENSIONS = YES;
				CLANG_ANALYZER_NONNULL = YES;
				CLANG_ANALYZER_NUMBER_OBJECT_CONVERSION = YES_AGGRESSIVE;
				CLANG_CXX_LANGUAGE_STANDARD = "gnu++20";
				CLANG_ENABLE_MODULES = YES;
				CLANG_ENABLE_OBJC_ARC = YES;
				CLANG_ENABLE_OBJC_WEAK = YES;
				CLANG_WARN_BLOCK_CAPTURE_AUTORELEASING = YES;
				CLANG_WARN_BOOL_CONVERSION = YES;
				CLANG_WARN_COMMA = YES;
				CLANG_WARN_CONSTANT_CONVERSION = YES;
				CLANG_WARN_DEPRECATED_OBJC_IMPLEMENTATIONS = YES;
				CLANG_WARN_DIRECT_OBJC_ISA_USAGE = YES_ERROR;
				CLANG_WARN_DOCUMENTATION_COMMENTS = YES;
				CLANG_WARN_EMPTY_BODY = YES;
				CLANG_WARN_ENUM_CONVERSION = YES;
				CLANG_WARN_INFINITE_RECURSION = YES;
				CLANG_WARN_INT_CONVERSION = YES;
				CLANG_WARN_NON_LITERAL_NULL_CONVERSION = YES;
				CLANG_WARN_OBJC_IMPLICIT_RETAIN_SELF = YES;
				CLANG_WARN_OBJC_LITERAL_CONVERSION = YES;
				CLANG_WARN_OBJC_ROOT_CLASS = YES_ERROR;
				CLANG_WARN_QUOTED_INCLUDE_IN_FRAMEWORK_HEADER = YES;
				CLANG_WARN_RANGE_LOOP_ANALYSIS = YES;
				CLANG_WARN_STRICT_PROTOTYPES = YES;
				CLANG_WARN_SUSPICIOUS_MOVE = YES;
				CLANG_WARN_UNGUARDED_AVAILABILITY = YES_AGGRESSIVE;
				CLANG_WARN_UNREACHABLE_CODE = YES;
				CLANG_WARN__DUPLICATE_METHOD_MATCH = YES;
				COPY_PHASE_STRIP = NO;
				DEBUG_INFORMATION_FORMAT = dwarf;
				ENABLE_STRICT_OBJC_MSGSEND = YES;
				ENABLE_TESTABILITY = YES;
				ENABLE_USER_SCRIPT_SANDBOXING = YES;
				GCC_C_LANGUAGE_STANDARD = gnu17;
				GCC_DYNAMIC_NO_PIC = NO;
				GCC_NO_COMMON_BLOCKS = YES;
				GCC_OPTIMIZATION_LEVEL = 0;
				GCC_PREPROCESSOR_DEFINITIONS = (
					"DEBUG=1",
					"$(inherited)",
				);
				GCC_WARN_64_TO_32_BIT_CONVERSION = YES;
				GCC_WARN_ABOUT_RETURN_TYPE = YES_ERROR;
				GCC_WARN_UNDECLARED_SELECTOR = YES;
				GCC_WARN_UNINITIALIZED_AUTOS = YES_AGGRESSIVE;
				GCC_WARN_UNUSED_FUNCTION = YES;
				GCC_WARN_UNUSED_VARIABLE = YES;
				IPHONEOS_DEPLOYMENT_TARGET = 17.2;
				LOCALIZATION_PREFERS_STRING_CATALOGS = YES;
				MTL_ENABLE_DEBUG_INFO = INCLUDE_SOURCE;
				MTL_FAST_MATH = YES;
				ONLY_ACTIVE_ARCH = YES;
				SDKROOT = iphoneos;
				SWIFT_ACTIVE_COMPILATION_CONDITIONS = "DEBUG $(inherited)";
				SWIFT_OPTIMIZATION_LEVEL = "-Onone";
			};
			name = Debug;
		};
		5093A9612B97B883000022B6 /* Release */ = {
			isa = XCBuildConfiguration;
			buildSettings = {
				ALWAYS_SEARCH_USER_PATHS = NO;
				ASSETCATALOG_COMPILER_GENERATE_SWIFT_ASSET_SYMBOL_EXTENSIONS = YES;
				CLANG_ANALYZER_NONNULL = YES;
				CLANG_ANALYZER_NUMBER_OBJECT_CONVERSION = YES_AGGRESSIVE;
				CLANG_CXX_LANGUAGE_STANDARD = "gnu++20";
				CLANG_ENABLE_MODULES = YES;
				CLANG_ENABLE_OBJC_ARC = YES;
				CLANG_ENABLE_OBJC_WEAK = YES;
				CLANG_WARN_BLOCK_CAPTURE_AUTORELEASING = YES;
				CLANG_WARN_BOOL_CONVERSION = YES;
				CLANG_WARN_COMMA = YES;
				CLANG_WARN_CONSTANT_CONVERSION = YES;
				CLANG_WARN_DEPRECATED_OBJC_IMPLEMENTATIONS = YES;
				CLANG_WARN_DIRECT_OBJC_ISA_USAGE = YES_ERROR;
				CLANG_WARN_DOCUMENTATION_COMMENTS = YES;
				CLANG_WARN_EMPTY_BODY = YES;
				CLANG_WARN_ENUM_CONVERSION = YES;
				CLANG_WARN_INFINITE_RECURSION = YES;
				CLANG_WARN_INT_CONVERSION = YES;
				CLANG_WARN_NON_LITERAL_NULL_CONVERSION = YES;
				CLANG_WARN_OBJC_IMPLICIT_RETAIN_SELF = YES;
				CLANG_WARN_OBJC_LITERAL_CONVERSION = YES;
				CLANG_WARN_OBJC_ROOT_CLASS = YES_ERROR;
				CLANG_WARN_QUOTED_INCLUDE_IN_FRAMEWORK_HEADER = YES;
				CLANG_WARN_RANGE_LOOP_ANALYSIS = YES;
				CLANG_WARN_STRICT_PROTOTYPES = YES;
				CLANG_WARN_SUSPICIOUS_MOVE = YES;
				CLANG_WARN_UNGUARDED_AVAILABILITY = YES_AGGRESSIVE;
				CLANG_WARN_UNREACHABLE_CODE = YES;
				CLANG_WARN__DUPLICATE_METHOD_MATCH = YES;
				COPY_PHASE_STRIP = NO;
				DEBUG_INFORMATION_FORMAT = "dwarf-with-dsym";
				ENABLE_NS_ASSERTIONS = NO;
				ENABLE_STRICT_OBJC_MSGSEND = YES;
				ENABLE_USER_SCRIPT_SANDBOXING = YES;
				GCC_C_LANGUAGE_STANDARD = gnu17;
				GCC_NO_COMMON_BLOCKS = YES;
				GCC_WARN_64_TO_32_BIT_CONVERSION = YES;
				GCC_WARN_ABOUT_RETURN_TYPE = YES_ERROR;
				GCC_WARN_UNDECLARED_SELECTOR = YES;
				GCC_WARN_UNINITIALIZED_AUTOS = YES_AGGRESSIVE;
				GCC_WARN_UNUSED_FUNCTION = YES;
				GCC_WARN_UNUSED_VARIABLE = YES;
				IPHONEOS_DEPLOYMENT_TARGET = 17.2;
				LOCALIZATION_PREFERS_STRING_CATALOGS = YES;
				MTL_ENABLE_DEBUG_INFO = NO;
				MTL_FAST_MATH = YES;
				SDKROOT = iphoneos;
				SWIFT_COMPILATION_MODE = wholemodule;
				VALIDATE_PRODUCT = YES;
			};
			name = Release;
		};
		5093A9632B97B883000022B6 /* Debug */ = {
			isa = XCBuildConfiguration;
			buildSettings = {
				ASSETCATALOG_COMPILER_APPICON_NAME = AppIcon;
				ASSETCATALOG_COMPILER_GLOBAL_ACCENT_COLOR_NAME = AccentColor;
				CODE_SIGN_STYLE = Automatic;
				CURRENT_PROJECT_VERSION = 1;
				GENERATE_INFOPLIST_FILE = YES;
				INFOPLIST_FILE = "Photo King/Info.plist";
				INFOPLIST_KEY_UIApplicationSupportsIndirectInputEvents = YES;
				INFOPLIST_KEY_UILaunchStoryboardName = LaunchScreen;
				INFOPLIST_KEY_UIMainStoryboardFile = Main;
				INFOPLIST_KEY_UISupportedInterfaceOrientations_iPad = "UIInterfaceOrientationPortrait UIInterfaceOrientationPortraitUpsideDown UIInterfaceOrientationLandscapeLeft UIInterfaceOrientationLandscapeRight";
				INFOPLIST_KEY_UISupportedInterfaceOrientations_iPhone = "UIInterfaceOrientationPortrait UIInterfaceOrientationLandscapeLeft UIInterfaceOrientationLandscapeRight";
				LD_RUNPATH_SEARCH_PATHS = (
					"$(inherited)",
					"@executable_path/Frameworks",
				);
				MARKETING_VERSION = 1.0;
				PRODUCT_BUNDLE_IDENTIFIER = "tim.Photo-King";
				PRODUCT_NAME = "$(TARGET_NAME)";
				SWIFT_EMIT_LOC_STRINGS = YES;
				SWIFT_VERSION = 5.0;
				TARGETED_DEVICE_FAMILY = "1,2";
			};
			name = Debug;
		};
		5093A9642B97B883000022B6 /* Release */ = {
			isa = XCBuildConfiguration;
			buildSettings = {
				ASSETCATALOG_COMPILER_APPICON_NAME = AppIcon;
				ASSETCATALOG_COMPILER_GLOBAL_ACCENT_COLOR_NAME = AccentColor;
				CODE_SIGN_STYLE = Automatic;
				CURRENT_PROJECT_VERSION = 1;
				GENERATE_INFOPLIST_FILE = YES;
				INFOPLIST_FILE = "Photo King/Info.plist";
				INFOPLIST_KEY_UIApplicationSupportsIndirectInputEvents = YES;
				INFOPLIST_KEY_UILaunchStoryboardName = LaunchScreen;
				INFOPLIST_KEY_UIMainStoryboardFile = Main;
				INFOPLIST_KEY_UISupportedInterfaceOrientations_iPad = "UIInterfaceOrientationPortrait UIInterfaceOrientationPortraitUpsideDown UIInterfaceOrientationLandscapeLeft UIInterfaceOrientationLandscapeRight";
				INFOPLIST_KEY_UISupportedInterfaceOrientations_iPhone = "UIInterfaceOrientationPortrait UIInterfaceOrientationLandscapeLeft UIInterfaceOrientationLandscapeRight";
				LD_RUNPATH_SEARCH_PATHS = (
					"$(inherited)",
					"@executable_path/Frameworks",
				);
				MARKETING_VERSION = 1.0;
				PRODUCT_BUNDLE_IDENTIFIER = "tim.Photo-King";
				PRODUCT_NAME = "$(TARGET_NAME)";
				SWIFT_EMIT_LOC_STRINGS = YES;
				SWIFT_VERSION = 5.0;
				TARGETED_DEVICE_FAMILY = "1,2";
			};
			name = Release;
		};
		5093A9662B97B883000022B6 /* Debug */ = {
			isa = XCBuildConfiguration;
			buildSettings = {
				ALWAYS_EMBED_SWIFT_STANDARD_LIBRARIES = YES;
				BUNDLE_LOADER = "$(TEST_HOST)";
				CODE_SIGN_STYLE = Automatic;
				CURRENT_PROJECT_VERSION = 1;
				GENERATE_INFOPLIST_FILE = YES;
				IPHONEOS_DEPLOYMENT_TARGET = 17.2;
				MARKETING_VERSION = 1.0;
				PRODUCT_BUNDLE_IDENTIFIER = "tim.Photo-KingTests";
				PRODUCT_NAME = "$(TARGET_NAME)";
				SWIFT_EMIT_LOC_STRINGS = NO;
				SWIFT_VERSION = 5.0;
				TARGETED_DEVICE_FAMILY = "1,2";
				TEST_HOST = "$(BUILT_PRODUCTS_DIR)/Photo King.app/$(BUNDLE_EXECUTABLE_FOLDER_PATH)/Photo King";
			};
			name = Debug;
		};
		5093A9672B97B883000022B6 /* Release */ = {
			isa = XCBuildConfiguration;
			buildSettings = {
				ALWAYS_EMBED_SWIFT_STANDARD_LIBRARIES = YES;
				BUNDLE_LOADER = "$(TEST_HOST)";
				CODE_SIGN_STYLE = Automatic;
				CURRENT_PROJECT_VERSION = 1;
				GENERATE_INFOPLIST_FILE = YES;
				IPHONEOS_DEPLOYMENT_TARGET = 17.2;
				MARKETING_VERSION = 1.0;
				PRODUCT_BUNDLE_IDENTIFIER = "tim.Photo-KingTests";
				PRODUCT_NAME = "$(TARGET_NAME)";
				SWIFT_EMIT_LOC_STRINGS = NO;
				SWIFT_VERSION = 5.0;
				TARGETED_DEVICE_FAMILY = "1,2";
				TEST_HOST = "$(BUILT_PRODUCTS_DIR)/Photo King.app/$(BUNDLE_EXECUTABLE_FOLDER_PATH)/Photo King";
			};
			name = Release;
		};
		5093A9692B97B883000022B6 /* Debug */ = {
			isa = XCBuildConfiguration;
			buildSettings = {
				ALWAYS_EMBED_SWIFT_STANDARD_LIBRARIES = YES;
				CODE_SIGN_STYLE = Automatic;
				CURRENT_PROJECT_VERSION = 1;
				GENERATE_INFOPLIST_FILE = YES;
				MARKETING_VERSION = 1.0;
				PRODUCT_BUNDLE_IDENTIFIER = "tim.Photo-KingUITests";
				PRODUCT_NAME = "$(TARGET_NAME)";
				SWIFT_EMIT_LOC_STRINGS = NO;
				SWIFT_VERSION = 5.0;
				TARGETED_DEVICE_FAMILY = "1,2";
				TEST_TARGET_NAME = "Photo King";
			};
			name = Debug;
		};
		5093A96A2B97B883000022B6 /* Release */ = {
			isa = XCBuildConfiguration;
			buildSettings = {
				ALWAYS_EMBED_SWIFT_STANDARD_LIBRARIES = YES;
				CODE_SIGN_STYLE = Automatic;
				CURRENT_PROJECT_VERSION = 1;
				GENERATE_INFOPLIST_FILE = YES;
				MARKETING_VERSION = 1.0;
				PRODUCT_BUNDLE_IDENTIFIER = "tim.Photo-KingUITests";
				PRODUCT_NAME = "$(TARGET_NAME)";
				SWIFT_EMIT_LOC_STRINGS = NO;
				SWIFT_VERSION = 5.0;
				TARGETED_DEVICE_FAMILY = "1,2";
				TEST_TARGET_NAME = "Photo King";
			};
			name = Release;
		};
/* End XCBuildConfiguration section */

/* Begin XCConfigurationList section */
		5093A9332B97B880000022B6 /* Build configuration list for PBXProject "Photo King" */ = {
			isa = XCConfigurationList;
			buildConfigurations = (
				5093A9602B97B883000022B6 /* Debug */,
				5093A9612B97B883000022B6 /* Release */,
			);
			defaultConfigurationIsVisible = 0;
			defaultConfigurationName = Release;
		};
		5093A9622B97B883000022B6 /* Build configuration list for PBXNativeTarget "Photo King" */ = {
			isa = XCConfigurationList;
			buildConfigurations = (
				5093A9632B97B883000022B6 /* Debug */,
				5093A9642B97B883000022B6 /* Release */,
			);
			defaultConfigurationIsVisible = 0;
			defaultConfigurationName = Release;
		};
		5093A9652B97B883000022B6 /* Build configuration list for PBXNativeTarget "Photo KingTests" */ = {
			isa = XCConfigurationList;
			buildConfigurations = (
				5093A9662B97B883000022B6 /* Debug */,
				5093A9672B97B883000022B6 /* Release */,
			);
			defaultConfigurationIsVisible = 0;
			defaultConfigurationName = Release;
		};
		5093A9682B97B883000022B6 /* Build configuration list for PBXNativeTarget "Photo KingUITests" */ = {
			isa = XCConfigurationList;
			buildConfigurations = (
				5093A9692B97B883000022B6 /* Debug */,
				5093A96A2B97B883000022B6 /* Release */,
			);
			defaultConfigurationIsVisible = 0;
			defaultConfigurationName = Release;
		};
/* End XCConfigurationList section */
	};
	rootObject = 5093A9302B97B880000022B6 /* Project object */;
}
